
Microsoft Visual Studio Solution File, Format Version 12.00
# Visual Studio Version 17
VisualStudioVersion = 17.10.34928.147
MinimumVisualStudioVersion = 10.0.40219.1
Project("{9A19103F-16F7-4668-BE54-9A1E7A4F7556}") = "br.com.fiap.alert.api", "br.com.fiap.alert.api\br.com.fiap.alert.api.csproj", "{76C8C178-8BB3-4039-9E7A-51887224B946}"
EndProject
Project("{9A19103F-16F7-4668-BE54-9A1E7A4F7556}") = "br.com.fiap.alert.test", "br.com.fiap.alert.test\br.com.fiap.alert.test.csproj", "{9D34CF9F-11C5-429A-81B3-862AE537E378}"
EndProject
Global
	GlobalSection(SolutionConfigurationPlatforms) = preSolution
		Debug|Any CPU = Debug|Any CPU
		Release|Any CPU = Release|Any CPU
	EndGlobalSection
	GlobalSection(ProjectConfigurationPlatforms) = postSolution
		{76C8C178-8BB3-4039-9E7A-51887224B946}.Debug|Any CPU.ActiveCfg = Debug|Any CPU
		{76C8C178-8BB3-4039-9E7A-51887224B946}.Debug|Any CPU.Build.0 = Debug|Any CPU
		{76C8C178-8BB3-4039-9E7A-51887224B946}.Release|Any CPU.ActiveCfg = Release|Any CPU
		{76C8C178-8BB3-4039-9E7A-51887224B946}.Release|Any CPU.Build.0 = Release|Any CPU
		{9D34CF9F-11C5-429A-81B3-862AE537E378}.Debug|Any CPU.ActiveCfg = Debug|Any CPU
		{9D34CF9F-11C5-429A-81B3-862AE537E378}.Debug|Any CPU.Build.0 = Debug|Any CPU
		{9D34CF9F-11C5-429A-81B3-862AE537E378}.Release|Any CPU.ActiveCfg = Release|Any CPU
		{9D34CF9F-11C5-429A-81B3-862AE537E378}.Release|Any CPU.Build.0 = Release|Any CPU
	EndGlobalSection
	GlobalSection(SolutionProperties) = preSolution
		HideSolutionNode = FALSE
	EndGlobalSection
	GlobalSection(ExtensibilityGlobals) = postSolution
		SolutionGuid = {0EEAC3ED-AD9F-4733-B705-824043B53E68}
	EndGlobalSection
EndGlobal
